{
  "version": 1,
  "dependencies": {
    ".NETCoreApp,Version=v5.0": {
      "LiteDB": {
        "type": "Direct",
        "requested": "[5.0.10, )",
        "resolved": "5.0.10",
        "contentHash": "x70WuqMDuP75dajqSLvO+AnI/BbwS6da+ukTO7rueV7VoXoQ5CRA9FV4r7cOS4OUr2NS1Up7LDIutjCxQycRvg=="
      },
      "Serilog": {
        "type": "Direct",
        "requested": "[2.10.0, )",
        "resolved": "2.10.0",
        "contentHash": "+QX0hmf37a0/OZLxM3wL7V6/ADvC1XihXN4Kq/p6d8lCPfgkRdiuhbWlMaFjR9Av0dy5F0+MBeDmDdRZN/YwQA=="
      }
    }
  }
}