{
  "version": 1,
  "dependencies": {
    ".NETCoreApp,Version=v5.0": {
      "LiteDB": {
        "type": "Direct",
        "requested": "[5.0.9, )",
        "resolved": "5.0.9",
        "contentHash": "cWnNWXL+qaP/qrkUCYZHBUJcv+IsfJfofa+Ed4EyT0zs/gkXqfKvjTbS3uSMBfcd9I7Yf+q9YPmCpmVFrVGQtw=="
      },
      "Serilog": {
        "type": "Direct",
        "requested": "[2.10.0, )",
        "resolved": "2.10.0",
        "contentHash": "+QX0hmf37a0/OZLxM3wL7V6/ADvC1XihXN4Kq/p6d8lCPfgkRdiuhbWlMaFjR9Av0dy5F0+MBeDmDdRZN/YwQA=="
      }
    }
  }
}