
Microsoft Visual Studio Solution File, Format Version 12.00
# Visual Studio 15
VisualStudioVersion = 15.0.26730.12
MinimumVisualStudioVersion = 10.0.40219.1
Project("{FAE04EC0-301F-11D3-BF4B-00C04F79EFBC}") = "Artemis.UI", "Artemis.UI\Artemis.UI.csproj", "{46B74153-77CF-4489-BDF9-D53FDB1F7ACB}"
EndProject
Project("{9A19103F-16F7-4668-BE54-9A1E7A4F7556}") = "Artemis.Storage", "Artemis.Storage\Artemis.Storage.csproj", "{E489E5E3-1A65-4AF5-A1EA-F9805FD19A65}"
EndProject
Project("{FAE04EC0-301F-11D3-BF4B-00C04F79EFBC}") = "Artemis.Core", "Artemis.Core\Artemis.Core.csproj", "{9B811F9B-86B9-4771-87AF-72BAE7078A36}"
EndProject
Project("{FAE04EC0-301F-11D3-BF4B-00C04F79EFBC}") = "Artemis.Plugins", "Artemis.Plugins\Artemis.Plugins.csproj", "{CD23BC5E-57F0-46CE-A007-24D031146219}"
EndProject
Project("{2150E333-8FDC-42A3-9474-1A3956D46DE8}") = "RGB.NET", "RGB.NET", "{9E919613-35F5-410D-80B3-F4FB69BE327B}"
EndProject
Project("{FAE04EC0-301F-11D3-BF4B-00C04F79EFBC}") = "RGB.NET.Core", "..\..\RGB.NET\RGB.NET.Core\RGB.NET.Core.csproj", "{5A4F9A75-75FE-47CD-90E5-914D5B20D232}"
EndProject
Project("{FAE04EC0-301F-11D3-BF4B-00C04F79EFBC}") = "RGB.NET.Input", "..\..\RGB.NET\RGB.NET.Input\RGB.NET.Input.csproj", "{E60C3C6F-903F-4D80-99D0-7A1E50AF5A9D}"
EndProject
Project("{2150E333-8FDC-42A3-9474-1A3956D46DE8}") = "Devices", "Devices", "{03DD6C1C-B39B-4D1E-A905-EBDA94FCEBFA}"
EndProject
Project("{2150E333-8FDC-42A3-9474-1A3956D46DE8}") = "Presets", "Presets", "{87F6ED2F-10C1-43BB-B5CE-E95DF6C8ADCE}"
EndProject
Project("{FAE04EC0-301F-11D3-BF4B-00C04F79EFBC}") = "RGB.NET.Devices.Asus", "..\..\RGB.NET\RGB.NET.Devices.Asus\RGB.NET.Devices.Asus.csproj", "{4F2F3FBD-A1E4-4968-A2AD-0514959E5E59}"
EndProject
Project("{FAE04EC0-301F-11D3-BF4B-00C04F79EFBC}") = "RGB.NET.Devices.CoolerMaster", "..\..\RGB.NET\RGB.NET.Devices.CoolerMaster\RGB.NET.Devices.CoolerMaster.csproj", "{85609427-D433-44E2-A249-CE890B66D845}"
EndProject
Project("{FAE04EC0-301F-11D3-BF4B-00C04F79EFBC}") = "RGB.NET.Devices.Corsair", "..\..\RGB.NET\RGB.NET.Devices.Corsair\RGB.NET.Devices.Corsair.csproj", "{DDA8C4C2-8ABF-4FA0-9AF9-C47AD0BFE47D}"
EndProject
Project("{FAE04EC0-301F-11D3-BF4B-00C04F79EFBC}") = "RGB.NET.Devices.Logitech", "..\..\RGB.NET\RGB.NET.Devices.Logitech\RGB.NET.Devices.Logitech.csproj", "{E7B2F174-FCC6-4FC7-9970-3138B5F4C921}"
EndProject
Project("{FAE04EC0-301F-11D3-BF4B-00C04F79EFBC}") = "RGB.NET.Devices.Msi", "..\..\RGB.NET\RGB.NET.Devices.Msi\RGB.NET.Devices.Msi.csproj", "{4EFD77C7-FDB4-4C6B-970C-0EF66D24BE09}"
EndProject
Project("{FAE04EC0-301F-11D3-BF4B-00C04F79EFBC}") = "RGB.NET.Devices.Novation", "..\..\RGB.NET\RGB.NET.Devices.Novation\RGB.NET.Devices.Novation.csproj", "{DB2911F6-404C-4BC8-B35F-232A7450755F}"
EndProject
Project("{FAE04EC0-301F-11D3-BF4B-00C04F79EFBC}") = "RGB.NET.Devices.Razer", "..\..\RGB.NET\RGB.NET.Devices.Razer\RGB.NET.Devices.Razer.csproj", "{24FF4ACB-D679-4B2D-86D4-50AB6C02D816}"
EndProject
Project("{2150E333-8FDC-42A3-9474-1A3956D46DE8}") = "Input", "Input", "{F1DE1C8B-E8B1-45EF-9FE8-47EF3B2E4D6E}"
EndProject
Project("{FAE04EC0-301F-11D3-BF4B-00C04F79EFBC}") = "RGB.NET.Input.Corsair", "..\..\RGB.NET\RGB.NET.Input.Corsair\RGB.NET.Input.Corsair.csproj", "{F905C418-76BB-4BA6-88AB-0793BC2681D3}"
EndProject
Project("{FAE04EC0-301F-11D3-BF4B-00C04F79EFBC}") = "RGB.NET.Brushes", "..\..\RGB.NET\RGB.NET.Brushes\RGB.NET.Brushes.csproj", "{347C5F0F-F490-4DEC-9C1C-6E84750D838D}"
EndProject
Project("{FAE04EC0-301F-11D3-BF4B-00C04F79EFBC}") = "RGB.NET.Decorators", "..\..\RGB.NET\RGB.NET.Decorators\RGB.NET.Decorators.csproj", "{7012C431-244A-453F-B7FD-59E030CDBC44}"
EndProject
Project("{FAE04EC0-301F-11D3-BF4B-00C04F79EFBC}") = "RGB.NET.Groups", "..\..\RGB.NET\RGB.NET.Groups\RGB.NET.Groups.csproj", "{2A39F859-AAD0-4C16-94F8-78057820B376}"
EndProject
Global
	GlobalSection(SolutionConfigurationPlatforms) = preSolution
		Debug|Any CPU = Debug|Any CPU
		Release|Any CPU = Release|Any CPU
	EndGlobalSection
	GlobalSection(ProjectConfigurationPlatforms) = postSolution
		{46B74153-77CF-4489-BDF9-D53FDB1F7ACB}.Debug|Any CPU.ActiveCfg = Debug|Any CPU
		{46B74153-77CF-4489-BDF9-D53FDB1F7ACB}.Debug|Any CPU.Build.0 = Debug|Any CPU
		{46B74153-77CF-4489-BDF9-D53FDB1F7ACB}.Release|Any CPU.ActiveCfg = Release|Any CPU
		{46B74153-77CF-4489-BDF9-D53FDB1F7ACB}.Release|Any CPU.Build.0 = Release|Any CPU
		{E489E5E3-1A65-4AF5-A1EA-F9805FD19A65}.Debug|Any CPU.ActiveCfg = Debug|Any CPU
		{E489E5E3-1A65-4AF5-A1EA-F9805FD19A65}.Debug|Any CPU.Build.0 = Debug|Any CPU
		{E489E5E3-1A65-4AF5-A1EA-F9805FD19A65}.Release|Any CPU.ActiveCfg = Release|Any CPU
		{E489E5E3-1A65-4AF5-A1EA-F9805FD19A65}.Release|Any CPU.Build.0 = Release|Any CPU
		{9B811F9B-86B9-4771-87AF-72BAE7078A36}.Debug|Any CPU.ActiveCfg = Debug|Any CPU
		{9B811F9B-86B9-4771-87AF-72BAE7078A36}.Debug|Any CPU.Build.0 = Debug|Any CPU
		{9B811F9B-86B9-4771-87AF-72BAE7078A36}.Release|Any CPU.ActiveCfg = Release|Any CPU
		{9B811F9B-86B9-4771-87AF-72BAE7078A36}.Release|Any CPU.Build.0 = Release|Any CPU
		{CD23BC5E-57F0-46CE-A007-24D031146219}.Debug|Any CPU.ActiveCfg = Debug|Any CPU
		{CD23BC5E-57F0-46CE-A007-24D031146219}.Debug|Any CPU.Build.0 = Debug|Any CPU
		{CD23BC5E-57F0-46CE-A007-24D031146219}.Release|Any CPU.ActiveCfg = Release|Any CPU
		{CD23BC5E-57F0-46CE-A007-24D031146219}.Release|Any CPU.Build.0 = Release|Any CPU
		{5A4F9A75-75FE-47CD-90E5-914D5B20D232}.Debug|Any CPU.ActiveCfg = Debug|Any CPU
		{5A4F9A75-75FE-47CD-90E5-914D5B20D232}.Debug|Any CPU.Build.0 = Debug|Any CPU
		{5A4F9A75-75FE-47CD-90E5-914D5B20D232}.Release|Any CPU.ActiveCfg = Release|Any CPU
		{5A4F9A75-75FE-47CD-90E5-914D5B20D232}.Release|Any CPU.Build.0 = Release|Any CPU
		{E60C3C6F-903F-4D80-99D0-7A1E50AF5A9D}.Debug|Any CPU.ActiveCfg = Debug|Any CPU
		{E60C3C6F-903F-4D80-99D0-7A1E50AF5A9D}.Debug|Any CPU.Build.0 = Debug|Any CPU
		{E60C3C6F-903F-4D80-99D0-7A1E50AF5A9D}.Release|Any CPU.ActiveCfg = Release|Any CPU
		{E60C3C6F-903F-4D80-99D0-7A1E50AF5A9D}.Release|Any CPU.Build.0 = Release|Any CPU
		{4F2F3FBD-A1E4-4968-A2AD-0514959E5E59}.Debug|Any CPU.ActiveCfg = Debug|Any CPU
		{4F2F3FBD-A1E4-4968-A2AD-0514959E5E59}.Debug|Any CPU.Build.0 = Debug|Any CPU
		{4F2F3FBD-A1E4-4968-A2AD-0514959E5E59}.Release|Any CPU.ActiveCfg = Release|Any CPU
		{4F2F3FBD-A1E4-4968-A2AD-0514959E5E59}.Release|Any CPU.Build.0 = Release|Any CPU
		{85609427-D433-44E2-A249-CE890B66D845}.Debug|Any CPU.ActiveCfg = Debug|Any CPU
		{85609427-D433-44E2-A249-CE890B66D845}.Debug|Any CPU.Build.0 = Debug|Any CPU
		{85609427-D433-44E2-A249-CE890B66D845}.Release|Any CPU.ActiveCfg = Release|Any CPU
		{85609427-D433-44E2-A249-CE890B66D845}.Release|Any CPU.Build.0 = Release|Any CPU
		{DDA8C4C2-8ABF-4FA0-9AF9-C47AD0BFE47D}.Debug|Any CPU.ActiveCfg = Debug|Any CPU
		{DDA8C4C2-8ABF-4FA0-9AF9-C47AD0BFE47D}.Debug|Any CPU.Build.0 = Debug|Any CPU
		{DDA8C4C2-8ABF-4FA0-9AF9-C47AD0BFE47D}.Release|Any CPU.ActiveCfg = Release|Any CPU
		{DDA8C4C2-8ABF-4FA0-9AF9-C47AD0BFE47D}.Release|Any CPU.Build.0 = Release|Any CPU
		{E7B2F174-FCC6-4FC7-9970-3138B5F4C921}.Debug|Any CPU.ActiveCfg = Debug|Any CPU
		{E7B2F174-FCC6-4FC7-9970-3138B5F4C921}.Debug|Any CPU.Build.0 = Debug|Any CPU
		{E7B2F174-FCC6-4FC7-9970-3138B5F4C921}.Release|Any CPU.ActiveCfg = Release|Any CPU
		{E7B2F174-FCC6-4FC7-9970-3138B5F4C921}.Release|Any CPU.Build.0 = Release|Any CPU
		{4EFD77C7-FDB4-4C6B-970C-0EF66D24BE09}.Debug|Any CPU.ActiveCfg = Debug|Any CPU
		{4EFD77C7-FDB4-4C6B-970C-0EF66D24BE09}.Debug|Any CPU.Build.0 = Debug|Any CPU
		{4EFD77C7-FDB4-4C6B-970C-0EF66D24BE09}.Release|Any CPU.ActiveCfg = Release|Any CPU
		{4EFD77C7-FDB4-4C6B-970C-0EF66D24BE09}.Release|Any CPU.Build.0 = Release|Any CPU
		{DB2911F6-404C-4BC8-B35F-232A7450755F}.Debug|Any CPU.ActiveCfg = Debug|Any CPU
		{DB2911F6-404C-4BC8-B35F-232A7450755F}.Debug|Any CPU.Build.0 = Debug|Any CPU
		{DB2911F6-404C-4BC8-B35F-232A7450755F}.Release|Any CPU.ActiveCfg = Release|Any CPU
		{DB2911F6-404C-4BC8-B35F-232A7450755F}.Release|Any CPU.Build.0 = Release|Any CPU
		{24FF4ACB-D679-4B2D-86D4-50AB6C02D816}.Debug|Any CPU.ActiveCfg = Debug|Any CPU
		{24FF4ACB-D679-4B2D-86D4-50AB6C02D816}.Debug|Any CPU.Build.0 = Debug|Any CPU
		{24FF4ACB-D679-4B2D-86D4-50AB6C02D816}.Release|Any CPU.ActiveCfg = Release|Any CPU
		{24FF4ACB-D679-4B2D-86D4-50AB6C02D816}.Release|Any CPU.Build.0 = Release|Any CPU
		{F905C418-76BB-4BA6-88AB-0793BC2681D3}.Debug|Any CPU.ActiveCfg = Debug|Any CPU
		{F905C418-76BB-4BA6-88AB-0793BC2681D3}.Debug|Any CPU.Build.0 = Debug|Any CPU
		{F905C418-76BB-4BA6-88AB-0793BC2681D3}.Release|Any CPU.ActiveCfg = Release|Any CPU
		{F905C418-76BB-4BA6-88AB-0793BC2681D3}.Release|Any CPU.Build.0 = Release|Any CPU
		{347C5F0F-F490-4DEC-9C1C-6E84750D838D}.Debug|Any CPU.ActiveCfg = Debug|Any CPU
		{347C5F0F-F490-4DEC-9C1C-6E84750D838D}.Debug|Any CPU.Build.0 = Debug|Any CPU
		{347C5F0F-F490-4DEC-9C1C-6E84750D838D}.Release|Any CPU.ActiveCfg = Release|Any CPU
		{347C5F0F-F490-4DEC-9C1C-6E84750D838D}.Release|Any CPU.Build.0 = Release|Any CPU
		{7012C431-244A-453F-B7FD-59E030CDBC44}.Debug|Any CPU.ActiveCfg = Debug|Any CPU
		{7012C431-244A-453F-B7FD-59E030CDBC44}.Debug|Any CPU.Build.0 = Debug|Any CPU
		{7012C431-244A-453F-B7FD-59E030CDBC44}.Release|Any CPU.ActiveCfg = Release|Any CPU
		{7012C431-244A-453F-B7FD-59E030CDBC44}.Release|Any CPU.Build.0 = Release|Any CPU
		{2A39F859-AAD0-4C16-94F8-78057820B376}.Debug|Any CPU.ActiveCfg = Debug|Any CPU
		{2A39F859-AAD0-4C16-94F8-78057820B376}.Debug|Any CPU.Build.0 = Debug|Any CPU
		{2A39F859-AAD0-4C16-94F8-78057820B376}.Release|Any CPU.ActiveCfg = Release|Any CPU
		{2A39F859-AAD0-4C16-94F8-78057820B376}.Release|Any CPU.Build.0 = Release|Any CPU
	EndGlobalSection
	GlobalSection(SolutionProperties) = preSolution
		HideSolutionNode = FALSE
	EndGlobalSection
	GlobalSection(NestedProjects) = preSolution
		{5A4F9A75-75FE-47CD-90E5-914D5B20D232} = {9E919613-35F5-410D-80B3-F4FB69BE327B}
		{E60C3C6F-903F-4D80-99D0-7A1E50AF5A9D} = {9E919613-35F5-410D-80B3-F4FB69BE327B}
		{03DD6C1C-B39B-4D1E-A905-EBDA94FCEBFA} = {9E919613-35F5-410D-80B3-F4FB69BE327B}
		{87F6ED2F-10C1-43BB-B5CE-E95DF6C8ADCE} = {9E919613-35F5-410D-80B3-F4FB69BE327B}
		{4F2F3FBD-A1E4-4968-A2AD-0514959E5E59} = {03DD6C1C-B39B-4D1E-A905-EBDA94FCEBFA}
		{85609427-D433-44E2-A249-CE890B66D845} = {03DD6C1C-B39B-4D1E-A905-EBDA94FCEBFA}
		{DDA8C4C2-8ABF-4FA0-9AF9-C47AD0BFE47D} = {03DD6C1C-B39B-4D1E-A905-EBDA94FCEBFA}
		{E7B2F174-FCC6-4FC7-9970-3138B5F4C921} = {03DD6C1C-B39B-4D1E-A905-EBDA94FCEBFA}
		{4EFD77C7-FDB4-4C6B-970C-0EF66D24BE09} = {03DD6C1C-B39B-4D1E-A905-EBDA94FCEBFA}
		{DB2911F6-404C-4BC8-B35F-232A7450755F} = {03DD6C1C-B39B-4D1E-A905-EBDA94FCEBFA}
		{24FF4ACB-D679-4B2D-86D4-50AB6C02D816} = {03DD6C1C-B39B-4D1E-A905-EBDA94FCEBFA}
		{F1DE1C8B-E8B1-45EF-9FE8-47EF3B2E4D6E} = {03DD6C1C-B39B-4D1E-A905-EBDA94FCEBFA}
		{F905C418-76BB-4BA6-88AB-0793BC2681D3} = {F1DE1C8B-E8B1-45EF-9FE8-47EF3B2E4D6E}
		{347C5F0F-F490-4DEC-9C1C-6E84750D838D} = {87F6ED2F-10C1-43BB-B5CE-E95DF6C8ADCE}
		{7012C431-244A-453F-B7FD-59E030CDBC44} = {87F6ED2F-10C1-43BB-B5CE-E95DF6C8ADCE}
		{2A39F859-AAD0-4C16-94F8-78057820B376} = {87F6ED2F-10C1-43BB-B5CE-E95DF6C8ADCE}
	EndGlobalSection
	GlobalSection(ExtensibilityGlobals) = postSolution
		SolutionGuid = {C203080A-4473-4CC2-844B-F552EA43D66A}
	EndGlobalSection
EndGlobal
