
Microsoft Visual Studio Solution File, Format Version 12.00
# Visual Studio Version 16
VisualStudioVersion = 16.0.28729.10
MinimumVisualStudioVersion = 10.0.40219.1
Project("{9A19103F-16F7-4668-BE54-9A1E7A4F7556}") = "Artemis.UI", "Artemis.UI\Artemis.UI.csproj", "{46B74153-77CF-4489-BDF9-D53FDB1F7ACB}"
	ProjectSection(ProjectDependencies) = postProject
		{07678400-2FE1-4C6E-A8D4-4F9F3C0630EA} = {07678400-2FE1-4C6E-A8D4-4F9F3C0630EA}
		{AB80F106-5444-46AA-A255-F765DD2F04F1} = {AB80F106-5444-46AA-A255-F765DD2F04F1}
		{3D83760B-0A36-4C8F-978D-7949C3FC862B} = {3D83760B-0A36-4C8F-978D-7949C3FC862B}
		{8DC7960F-6DDF-4007-A155-17E124F39374} = {8DC7960F-6DDF-4007-A155-17E124F39374}
		{DCF7C321-95DC-4507-BB61-A7C5356E58EC} = {DCF7C321-95DC-4507-BB61-A7C5356E58EC}
		{E592F239-FAA0-4840-9C85-46E5867D06D5} = {E592F239-FAA0-4840-9C85-46E5867D06D5}
		{36C10640-A31F-4DEE-9F0E-9B9E3F12753D} = {36C10640-A31F-4DEE-9F0E-9B9E3F12753D}
		{62214042-667E-4B29-B64E-1A68CE6FE209} = {62214042-667E-4B29-B64E-1A68CE6FE209}
		{0F288A66-6EB0-4589-8595-E33A3A3EAEA2} = {0F288A66-6EB0-4589-8595-E33A3A3EAEA2}
		{A46F278A-FC2C-4342-8455-994D957DDA03} = {A46F278A-FC2C-4342-8455-994D957DDA03}
		{26902C94-3EBC-4132-B7F0-FFCAB8E150DA} = {26902C94-3EBC-4132-B7F0-FFCAB8E150DA}
		{7F4C7AB0-4C9B-452D-AFED-34544C903DEF} = {7F4C7AB0-4C9B-452D-AFED-34544C903DEF}
		{235A45C7-24AD-4F47-B9D4-CD67E610A04D} = {235A45C7-24AD-4F47-B9D4-CD67E610A04D}
		{D004FEC9-0CF8-4828-B620-95DBA73201A3} = {D004FEC9-0CF8-4828-B620-95DBA73201A3}
		{FA5815D3-EA87-4A64-AD6C-A5AE96C61F29} = {FA5815D3-EA87-4A64-AD6C-A5AE96C61F29}
		{C6BDB6D9-062D-4C28-A280-F3BD6197F07F} = {C6BDB6D9-062D-4C28-A280-F3BD6197F07F}
		{A779B2F8-C253-4C4B-8634-6EB8F594E96D} = {A779B2F8-C253-4C4B-8634-6EB8F594E96D}
	EndProjectSection
EndProject
Project("{9A19103F-16F7-4668-BE54-9A1E7A4F7556}") = "Artemis.Storage", "Artemis.Storage\Artemis.Storage.csproj", "{E489E5E3-1A65-4AF5-A1EA-F9805FD19A65}"
EndProject
Project("{9A19103F-16F7-4668-BE54-9A1E7A4F7556}") = "Artemis.Core", "Artemis.Core\Artemis.Core.csproj", "{9B811F9B-86B9-4771-87AF-72BAE7078A36}"
EndProject
Project("{2150E333-8FDC-42A3-9474-1A3956D46DE8}") = "Plugins", "Plugins", "{E830A02B-A7E5-4A6B-943F-76B0A542630C}"
EndProject
Project("{9A19103F-16F7-4668-BE54-9A1E7A4F7556}") = "Artemis.Plugins.Modules.General", "Plugins\Artemis.Plugins.Modules.General\Artemis.Plugins.Modules.General.csproj", "{E592F239-FAA0-4840-9C85-46E5867D06D5}"
EndProject
Project("{9A19103F-16F7-4668-BE54-9A1E7A4F7556}") = "Artemis.Plugins.LayerBrushes.Color", "Plugins\Artemis.Plugins.LayerBrushes.Color\Artemis.Plugins.LayerBrushes.Color.csproj", "{0F288A66-6EB0-4589-8595-E33A3A3EAEA2}"
EndProject
Project("{9A19103F-16F7-4668-BE54-9A1E7A4F7556}") = "Artemis.Plugins.Devices.Corsair", "Plugins\Artemis.Plugins.Devices.Corsair\Artemis.Plugins.Devices.Corsair.csproj", "{A779B2F8-C253-4C4B-8634-6EB8F594E96D}"
EndProject
Project("{9A19103F-16F7-4668-BE54-9A1E7A4F7556}") = "Artemis.Plugins.Devices.Logitech", "Plugins\Artemis.Plugins.Devices.Logitech\Artemis.Plugins.Devices.Logitech.csproj", "{235A45C7-24AD-4F47-B9D4-CD67E610A04D}"
EndProject
Project("{9A19103F-16F7-4668-BE54-9A1E7A4F7556}") = "Artemis.Plugins.LayerBrushes.Noise", "Plugins\Artemis.Plugins.LayerBrushes.Noise\Artemis.Plugins.LayerBrushes.Noise.csproj", "{7F4C7AB0-4C9B-452D-AFED-34544C903DEF}"
EndProject
Project("{9A19103F-16F7-4668-BE54-9A1E7A4F7556}") = "Artemis.UI.Shared", "Artemis.UI.Shared\Artemis.UI.Shared.csproj", "{ADB357E6-151D-4D0D-87CB-68FD0BC29812}"
EndProject
Project("{9A19103F-16F7-4668-BE54-9A1E7A4F7556}") = "Artemis.Plugins.Devices.Wooting", "Plugins\Artemis.Plugins.Devices.Wooting\Artemis.Plugins.Devices.Wooting.csproj", "{C6BDB6D9-062D-4C28-A280-F3BD6197F07F}"
EndProject
Project("{9A19103F-16F7-4668-BE54-9A1E7A4F7556}") = "Artemis.Plugins.Devices.Asus", "Plugins\Artemis.Plugins.Devices.Asus\Artemis.Plugins.Devices.Asus.csproj", "{DCF7C321-95DC-4507-BB61-A7C5356E58EC}"
EndProject
Project("{9A19103F-16F7-4668-BE54-9A1E7A4F7556}") = "Artemis.Plugins.Devices.CoolerMaster", "Plugins\Artemis.Plugins.Devices.CoolerMaster\Artemis.Plugins.Devices.CoolerMaster.csproj", "{8DC7960F-6DDF-4007-A155-17E124F39374}"
EndProject
Project("{9A19103F-16F7-4668-BE54-9A1E7A4F7556}") = "Artemis.Plugins.Devices.DMX", "Plugins\Artemis.Plugins.Devices.DMX\Artemis.Plugins.Devices.DMX.csproj", "{AB80F106-5444-46AA-A255-F765DD2F04F1}"
EndProject
Project("{9A19103F-16F7-4668-BE54-9A1E7A4F7556}") = "Artemis.Plugins.Devices.Msi", "Plugins\Artemis.Plugins.Devices.Msi\Artemis.Plugins.Devices.Msi.csproj", "{07678400-2FE1-4C6E-A8D4-4F9F3C0630EA}"
EndProject
Project("{9A19103F-16F7-4668-BE54-9A1E7A4F7556}") = "Artemis.Plugins.Devices.Novation", "Plugins\Artemis.Plugins.Devices.Novation\Artemis.Plugins.Devices.Novation.csproj", "{D004FEC9-0CF8-4828-B620-95DBA73201A3}"
EndProject
Project("{9A19103F-16F7-4668-BE54-9A1E7A4F7556}") = "Artemis.Plugins.Devices.Razer", "Plugins\Artemis.Plugins.Devices.Razer\Artemis.Plugins.Devices.Razer.csproj", "{36C10640-A31F-4DEE-9F0E-9B9E3F12753D}"
EndProject
Project("{9A19103F-16F7-4668-BE54-9A1E7A4F7556}") = "Artemis.Plugins.Devices.Roccat", "Plugins\Artemis.Plugins.Devices.Roccat\Artemis.Plugins.Devices.Roccat.csproj", "{26902C94-3EBC-4132-B7F0-FFCAB8E150DA}"
EndProject
Project("{9A19103F-16F7-4668-BE54-9A1E7A4F7556}") = "Artemis.Plugins.Devices.SteelSeries", "Plugins\Artemis.Plugins.Devices.SteelSeries\Artemis.Plugins.Devices.SteelSeries.csproj", "{FA5815D3-EA87-4A64-AD6C-A5AE96C61F29}"
EndProject
Project("{9A19103F-16F7-4668-BE54-9A1E7A4F7556}") = "Artemis.Plugins.Devices.WS281X", "Plugins\Artemis.Plugins.Devices.WS281X\Artemis.Plugins.Devices.WS281X.csproj", "{A46F278A-FC2C-4342-8455-994D957DDA03}"
EndProject
Project("{2150E333-8FDC-42A3-9474-1A3956D46DE8}") = "Devices", "Devices", "{88792A7E-F037-4280-81D3-B131508EF1D8}"
EndProject
Project("{2150E333-8FDC-42A3-9474-1A3956D46DE8}") = "LayerBrushes", "LayerBrushes", "{A311DC47-42A2-4DD4-B921-50FBF7A33F41}"
EndProject
Project("{2150E333-8FDC-42A3-9474-1A3956D46DE8}") = "Modules", "Modules", "{B258A061-FA19-4835-8DC4-E9C3AE3664A0}"
EndProject
Project("{9A19103F-16F7-4668-BE54-9A1E7A4F7556}") = "Artemis.Plugins.LayerBrushes.ColorRgbNet", "Plugins\Artemis.Plugins.LayerBrushes.ColorRgbNet\Artemis.Plugins.LayerBrushes.ColorRgbNet.csproj", "{301C3AAA-9F79-46A5-9B9D-86F076C5BDD1}"
EndProject
Project("{2150E333-8FDC-42A3-9474-1A3956D46DE8}") = "LayerEffects", "LayerEffects", "{2C1477DC-7A5C-4B65-85DB-1F16A18FB2EC}"
EndProject
Project("{9A19103F-16F7-4668-BE54-9A1E7A4F7556}") = "Artemis.Plugins.LayerEffects.Filter", "Plugins\Artemis.Plugins.LayerEffects.Filter\Artemis.Plugins.LayerEffects.Filter.csproj", "{62214042-667E-4B29-B64E-1A68CE6FE209}"
EndProject
Project("{9A19103F-16F7-4668-BE54-9A1E7A4F7556}") = "Artemis.Plugins.Devices.Debug", "Plugins\Artemis.Plugins.Devices.Debug\Artemis.Plugins.Devices.Debug.csproj", "{3D83760B-0A36-4C8F-978D-7949C3FC862B}"
EndProject
Global
	GlobalSection(SolutionConfigurationPlatforms) = preSolution
		Debug|Any CPU = Debug|Any CPU
		Debug|x64 = Debug|x64
		Release|Any CPU = Release|Any CPU
		Release|x64 = Release|x64
	EndGlobalSection
	GlobalSection(ProjectConfigurationPlatforms) = postSolution
		{46B74153-77CF-4489-BDF9-D53FDB1F7ACB}.Debug|Any CPU.ActiveCfg = Debug|Any CPU
		{46B74153-77CF-4489-BDF9-D53FDB1F7ACB}.Debug|Any CPU.Build.0 = Debug|Any CPU
		{46B74153-77CF-4489-BDF9-D53FDB1F7ACB}.Debug|x64.ActiveCfg = Debug|Any CPU
		{46B74153-77CF-4489-BDF9-D53FDB1F7ACB}.Debug|x64.Build.0 = Debug|Any CPU
		{46B74153-77CF-4489-BDF9-D53FDB1F7ACB}.Release|Any CPU.ActiveCfg = Release|Any CPU
		{46B74153-77CF-4489-BDF9-D53FDB1F7ACB}.Release|Any CPU.Build.0 = Release|Any CPU
		{46B74153-77CF-4489-BDF9-D53FDB1F7ACB}.Release|x64.ActiveCfg = Release|Any CPU
		{46B74153-77CF-4489-BDF9-D53FDB1F7ACB}.Release|x64.Build.0 = Release|Any CPU
		{E489E5E3-1A65-4AF5-A1EA-F9805FD19A65}.Debug|Any CPU.ActiveCfg = Debug|Any CPU
		{E489E5E3-1A65-4AF5-A1EA-F9805FD19A65}.Debug|Any CPU.Build.0 = Debug|Any CPU
		{E489E5E3-1A65-4AF5-A1EA-F9805FD19A65}.Debug|x64.ActiveCfg = Debug|Any CPU
		{E489E5E3-1A65-4AF5-A1EA-F9805FD19A65}.Debug|x64.Build.0 = Debug|Any CPU
		{E489E5E3-1A65-4AF5-A1EA-F9805FD19A65}.Release|Any CPU.ActiveCfg = Release|Any CPU
		{E489E5E3-1A65-4AF5-A1EA-F9805FD19A65}.Release|Any CPU.Build.0 = Release|Any CPU
		{E489E5E3-1A65-4AF5-A1EA-F9805FD19A65}.Release|x64.ActiveCfg = Release|x64
		{E489E5E3-1A65-4AF5-A1EA-F9805FD19A65}.Release|x64.Build.0 = Release|x64
		{9B811F9B-86B9-4771-87AF-72BAE7078A36}.Debug|Any CPU.ActiveCfg = Debug|Any CPU
		{9B811F9B-86B9-4771-87AF-72BAE7078A36}.Debug|Any CPU.Build.0 = Debug|Any CPU
		{9B811F9B-86B9-4771-87AF-72BAE7078A36}.Debug|x64.ActiveCfg = Debug|Any CPU
		{9B811F9B-86B9-4771-87AF-72BAE7078A36}.Debug|x64.Build.0 = Debug|Any CPU
		{9B811F9B-86B9-4771-87AF-72BAE7078A36}.Release|Any CPU.ActiveCfg = Release|Any CPU
		{9B811F9B-86B9-4771-87AF-72BAE7078A36}.Release|Any CPU.Build.0 = Release|Any CPU
		{9B811F9B-86B9-4771-87AF-72BAE7078A36}.Release|x64.ActiveCfg = Release|Any CPU
		{9B811F9B-86B9-4771-87AF-72BAE7078A36}.Release|x64.Build.0 = Release|Any CPU
		{E592F239-FAA0-4840-9C85-46E5867D06D5}.Debug|Any CPU.ActiveCfg = Debug|Any CPU
		{E592F239-FAA0-4840-9C85-46E5867D06D5}.Debug|Any CPU.Build.0 = Debug|Any CPU
		{E592F239-FAA0-4840-9C85-46E5867D06D5}.Debug|x64.ActiveCfg = Debug|Any CPU
		{E592F239-FAA0-4840-9C85-46E5867D06D5}.Debug|x64.Build.0 = Debug|Any CPU
		{E592F239-FAA0-4840-9C85-46E5867D06D5}.Release|Any CPU.ActiveCfg = Release|Any CPU
		{E592F239-FAA0-4840-9C85-46E5867D06D5}.Release|Any CPU.Build.0 = Release|Any CPU
		{E592F239-FAA0-4840-9C85-46E5867D06D5}.Release|x64.ActiveCfg = Release|Any CPU
		{E592F239-FAA0-4840-9C85-46E5867D06D5}.Release|x64.Build.0 = Release|Any CPU
		{0F288A66-6EB0-4589-8595-E33A3A3EAEA2}.Debug|Any CPU.ActiveCfg = Debug|Any CPU
		{0F288A66-6EB0-4589-8595-E33A3A3EAEA2}.Debug|Any CPU.Build.0 = Debug|Any CPU
		{0F288A66-6EB0-4589-8595-E33A3A3EAEA2}.Debug|x64.ActiveCfg = Debug|Any CPU
		{0F288A66-6EB0-4589-8595-E33A3A3EAEA2}.Debug|x64.Build.0 = Debug|Any CPU
		{0F288A66-6EB0-4589-8595-E33A3A3EAEA2}.Release|Any CPU.ActiveCfg = Release|Any CPU
		{0F288A66-6EB0-4589-8595-E33A3A3EAEA2}.Release|Any CPU.Build.0 = Release|Any CPU
		{0F288A66-6EB0-4589-8595-E33A3A3EAEA2}.Release|x64.ActiveCfg = Release|Any CPU
		{0F288A66-6EB0-4589-8595-E33A3A3EAEA2}.Release|x64.Build.0 = Release|Any CPU
		{A779B2F8-C253-4C4B-8634-6EB8F594E96D}.Debug|Any CPU.ActiveCfg = Debug|Any CPU
		{A779B2F8-C253-4C4B-8634-6EB8F594E96D}.Debug|Any CPU.Build.0 = Debug|Any CPU
		{A779B2F8-C253-4C4B-8634-6EB8F594E96D}.Debug|x64.ActiveCfg = Debug|Any CPU
		{A779B2F8-C253-4C4B-8634-6EB8F594E96D}.Debug|x64.Build.0 = Debug|Any CPU
		{A779B2F8-C253-4C4B-8634-6EB8F594E96D}.Release|Any CPU.ActiveCfg = Release|Any CPU
		{A779B2F8-C253-4C4B-8634-6EB8F594E96D}.Release|Any CPU.Build.0 = Release|Any CPU
		{A779B2F8-C253-4C4B-8634-6EB8F594E96D}.Release|x64.ActiveCfg = Release|Any CPU
		{A779B2F8-C253-4C4B-8634-6EB8F594E96D}.Release|x64.Build.0 = Release|Any CPU
		{235A45C7-24AD-4F47-B9D4-CD67E610A04D}.Debug|Any CPU.ActiveCfg = Debug|Any CPU
		{235A45C7-24AD-4F47-B9D4-CD67E610A04D}.Debug|Any CPU.Build.0 = Debug|Any CPU
		{235A45C7-24AD-4F47-B9D4-CD67E610A04D}.Debug|x64.ActiveCfg = Debug|Any CPU
		{235A45C7-24AD-4F47-B9D4-CD67E610A04D}.Debug|x64.Build.0 = Debug|Any CPU
		{235A45C7-24AD-4F47-B9D4-CD67E610A04D}.Release|Any CPU.ActiveCfg = Release|Any CPU
		{235A45C7-24AD-4F47-B9D4-CD67E610A04D}.Release|Any CPU.Build.0 = Release|Any CPU
		{235A45C7-24AD-4F47-B9D4-CD67E610A04D}.Release|x64.ActiveCfg = Release|Any CPU
		{235A45C7-24AD-4F47-B9D4-CD67E610A04D}.Release|x64.Build.0 = Release|Any CPU
		{7F4C7AB0-4C9B-452D-AFED-34544C903DEF}.Debug|Any CPU.ActiveCfg = Debug|Any CPU
		{7F4C7AB0-4C9B-452D-AFED-34544C903DEF}.Debug|Any CPU.Build.0 = Debug|Any CPU
		{7F4C7AB0-4C9B-452D-AFED-34544C903DEF}.Debug|x64.ActiveCfg = Debug|Any CPU
		{7F4C7AB0-4C9B-452D-AFED-34544C903DEF}.Debug|x64.Build.0 = Debug|Any CPU
		{7F4C7AB0-4C9B-452D-AFED-34544C903DEF}.Release|Any CPU.ActiveCfg = Release|Any CPU
		{7F4C7AB0-4C9B-452D-AFED-34544C903DEF}.Release|Any CPU.Build.0 = Release|Any CPU
		{7F4C7AB0-4C9B-452D-AFED-34544C903DEF}.Release|x64.ActiveCfg = Release|Any CPU
		{7F4C7AB0-4C9B-452D-AFED-34544C903DEF}.Release|x64.Build.0 = Release|Any CPU
		{ADB357E6-151D-4D0D-87CB-68FD0BC29812}.Debug|Any CPU.ActiveCfg = Debug|Any CPU
		{ADB357E6-151D-4D0D-87CB-68FD0BC29812}.Debug|Any CPU.Build.0 = Debug|Any CPU
		{ADB357E6-151D-4D0D-87CB-68FD0BC29812}.Debug|x64.ActiveCfg = Debug|Any CPU
		{ADB357E6-151D-4D0D-87CB-68FD0BC29812}.Debug|x64.Build.0 = Debug|Any CPU
		{ADB357E6-151D-4D0D-87CB-68FD0BC29812}.Release|Any CPU.ActiveCfg = Release|Any CPU
		{ADB357E6-151D-4D0D-87CB-68FD0BC29812}.Release|Any CPU.Build.0 = Release|Any CPU
		{ADB357E6-151D-4D0D-87CB-68FD0BC29812}.Release|x64.ActiveCfg = Release|Any CPU
		{ADB357E6-151D-4D0D-87CB-68FD0BC29812}.Release|x64.Build.0 = Release|Any CPU
		{C6BDB6D9-062D-4C28-A280-F3BD6197F07F}.Debug|Any CPU.ActiveCfg = Debug|Any CPU
		{C6BDB6D9-062D-4C28-A280-F3BD6197F07F}.Debug|Any CPU.Build.0 = Debug|Any CPU
		{C6BDB6D9-062D-4C28-A280-F3BD6197F07F}.Debug|x64.ActiveCfg = Debug|Any CPU
		{C6BDB6D9-062D-4C28-A280-F3BD6197F07F}.Debug|x64.Build.0 = Debug|Any CPU
		{C6BDB6D9-062D-4C28-A280-F3BD6197F07F}.Release|Any CPU.ActiveCfg = Release|Any CPU
		{C6BDB6D9-062D-4C28-A280-F3BD6197F07F}.Release|Any CPU.Build.0 = Release|Any CPU
		{C6BDB6D9-062D-4C28-A280-F3BD6197F07F}.Release|x64.ActiveCfg = Release|Any CPU
		{C6BDB6D9-062D-4C28-A280-F3BD6197F07F}.Release|x64.Build.0 = Release|Any CPU
		{DCF7C321-95DC-4507-BB61-A7C5356E58EC}.Debug|Any CPU.ActiveCfg = Debug|Any CPU
		{DCF7C321-95DC-4507-BB61-A7C5356E58EC}.Debug|Any CPU.Build.0 = Debug|Any CPU
		{DCF7C321-95DC-4507-BB61-A7C5356E58EC}.Debug|x64.ActiveCfg = Debug|Any CPU
		{DCF7C321-95DC-4507-BB61-A7C5356E58EC}.Debug|x64.Build.0 = Debug|Any CPU
		{DCF7C321-95DC-4507-BB61-A7C5356E58EC}.Release|Any CPU.ActiveCfg = Release|Any CPU
		{DCF7C321-95DC-4507-BB61-A7C5356E58EC}.Release|Any CPU.Build.0 = Release|Any CPU
		{DCF7C321-95DC-4507-BB61-A7C5356E58EC}.Release|x64.ActiveCfg = Release|Any CPU
		{DCF7C321-95DC-4507-BB61-A7C5356E58EC}.Release|x64.Build.0 = Release|Any CPU
		{8DC7960F-6DDF-4007-A155-17E124F39374}.Debug|Any CPU.ActiveCfg = Debug|Any CPU
		{8DC7960F-6DDF-4007-A155-17E124F39374}.Debug|Any CPU.Build.0 = Debug|Any CPU
		{8DC7960F-6DDF-4007-A155-17E124F39374}.Debug|x64.ActiveCfg = Debug|Any CPU
		{8DC7960F-6DDF-4007-A155-17E124F39374}.Debug|x64.Build.0 = Debug|Any CPU
		{8DC7960F-6DDF-4007-A155-17E124F39374}.Release|Any CPU.ActiveCfg = Release|Any CPU
		{8DC7960F-6DDF-4007-A155-17E124F39374}.Release|Any CPU.Build.0 = Release|Any CPU
		{8DC7960F-6DDF-4007-A155-17E124F39374}.Release|x64.ActiveCfg = Release|Any CPU
		{8DC7960F-6DDF-4007-A155-17E124F39374}.Release|x64.Build.0 = Release|Any CPU
		{AB80F106-5444-46AA-A255-F765DD2F04F1}.Debug|Any CPU.ActiveCfg = Debug|Any CPU
		{AB80F106-5444-46AA-A255-F765DD2F04F1}.Debug|Any CPU.Build.0 = Debug|Any CPU
		{AB80F106-5444-46AA-A255-F765DD2F04F1}.Debug|x64.ActiveCfg = Debug|Any CPU
		{AB80F106-5444-46AA-A255-F765DD2F04F1}.Debug|x64.Build.0 = Debug|Any CPU
		{AB80F106-5444-46AA-A255-F765DD2F04F1}.Release|Any CPU.ActiveCfg = Release|Any CPU
		{AB80F106-5444-46AA-A255-F765DD2F04F1}.Release|Any CPU.Build.0 = Release|Any CPU
		{AB80F106-5444-46AA-A255-F765DD2F04F1}.Release|x64.ActiveCfg = Release|Any CPU
		{AB80F106-5444-46AA-A255-F765DD2F04F1}.Release|x64.Build.0 = Release|Any CPU
		{07678400-2FE1-4C6E-A8D4-4F9F3C0630EA}.Debug|Any CPU.ActiveCfg = Debug|Any CPU
		{07678400-2FE1-4C6E-A8D4-4F9F3C0630EA}.Debug|Any CPU.Build.0 = Debug|Any CPU
		{07678400-2FE1-4C6E-A8D4-4F9F3C0630EA}.Debug|x64.ActiveCfg = Debug|Any CPU
		{07678400-2FE1-4C6E-A8D4-4F9F3C0630EA}.Debug|x64.Build.0 = Debug|Any CPU
		{07678400-2FE1-4C6E-A8D4-4F9F3C0630EA}.Release|Any CPU.ActiveCfg = Release|Any CPU
		{07678400-2FE1-4C6E-A8D4-4F9F3C0630EA}.Release|Any CPU.Build.0 = Release|Any CPU
		{07678400-2FE1-4C6E-A8D4-4F9F3C0630EA}.Release|x64.ActiveCfg = Release|Any CPU
		{07678400-2FE1-4C6E-A8D4-4F9F3C0630EA}.Release|x64.Build.0 = Release|Any CPU
		{D004FEC9-0CF8-4828-B620-95DBA73201A3}.Debug|Any CPU.ActiveCfg = Debug|Any CPU
		{D004FEC9-0CF8-4828-B620-95DBA73201A3}.Debug|Any CPU.Build.0 = Debug|Any CPU
		{D004FEC9-0CF8-4828-B620-95DBA73201A3}.Debug|x64.ActiveCfg = Debug|Any CPU
		{D004FEC9-0CF8-4828-B620-95DBA73201A3}.Debug|x64.Build.0 = Debug|Any CPU
		{D004FEC9-0CF8-4828-B620-95DBA73201A3}.Release|Any CPU.ActiveCfg = Release|Any CPU
		{D004FEC9-0CF8-4828-B620-95DBA73201A3}.Release|Any CPU.Build.0 = Release|Any CPU
		{D004FEC9-0CF8-4828-B620-95DBA73201A3}.Release|x64.ActiveCfg = Release|Any CPU
		{D004FEC9-0CF8-4828-B620-95DBA73201A3}.Release|x64.Build.0 = Release|Any CPU
		{36C10640-A31F-4DEE-9F0E-9B9E3F12753D}.Debug|Any CPU.ActiveCfg = Debug|Any CPU
		{36C10640-A31F-4DEE-9F0E-9B9E3F12753D}.Debug|Any CPU.Build.0 = Debug|Any CPU
		{36C10640-A31F-4DEE-9F0E-9B9E3F12753D}.Debug|x64.ActiveCfg = Debug|Any CPU
		{36C10640-A31F-4DEE-9F0E-9B9E3F12753D}.Debug|x64.Build.0 = Debug|Any CPU
		{36C10640-A31F-4DEE-9F0E-9B9E3F12753D}.Release|Any CPU.ActiveCfg = Release|Any CPU
		{36C10640-A31F-4DEE-9F0E-9B9E3F12753D}.Release|Any CPU.Build.0 = Release|Any CPU
		{36C10640-A31F-4DEE-9F0E-9B9E3F12753D}.Release|x64.ActiveCfg = Release|Any CPU
		{36C10640-A31F-4DEE-9F0E-9B9E3F12753D}.Release|x64.Build.0 = Release|Any CPU
		{26902C94-3EBC-4132-B7F0-FFCAB8E150DA}.Debug|Any CPU.ActiveCfg = Debug|Any CPU
		{26902C94-3EBC-4132-B7F0-FFCAB8E150DA}.Debug|Any CPU.Build.0 = Debug|Any CPU
		{26902C94-3EBC-4132-B7F0-FFCAB8E150DA}.Debug|x64.ActiveCfg = Debug|Any CPU
		{26902C94-3EBC-4132-B7F0-FFCAB8E150DA}.Debug|x64.Build.0 = Debug|Any CPU
		{26902C94-3EBC-4132-B7F0-FFCAB8E150DA}.Release|Any CPU.ActiveCfg = Release|Any CPU
		{26902C94-3EBC-4132-B7F0-FFCAB8E150DA}.Release|Any CPU.Build.0 = Release|Any CPU
		{26902C94-3EBC-4132-B7F0-FFCAB8E150DA}.Release|x64.ActiveCfg = Release|Any CPU
		{26902C94-3EBC-4132-B7F0-FFCAB8E150DA}.Release|x64.Build.0 = Release|Any CPU
		{FA5815D3-EA87-4A64-AD6C-A5AE96C61F29}.Debug|Any CPU.ActiveCfg = Debug|Any CPU
		{FA5815D3-EA87-4A64-AD6C-A5AE96C61F29}.Debug|Any CPU.Build.0 = Debug|Any CPU
		{FA5815D3-EA87-4A64-AD6C-A5AE96C61F29}.Debug|x64.ActiveCfg = Debug|Any CPU
		{FA5815D3-EA87-4A64-AD6C-A5AE96C61F29}.Debug|x64.Build.0 = Debug|Any CPU
		{FA5815D3-EA87-4A64-AD6C-A5AE96C61F29}.Release|Any CPU.ActiveCfg = Release|Any CPU
		{FA5815D3-EA87-4A64-AD6C-A5AE96C61F29}.Release|Any CPU.Build.0 = Release|Any CPU
		{FA5815D3-EA87-4A64-AD6C-A5AE96C61F29}.Release|x64.ActiveCfg = Release|Any CPU
		{FA5815D3-EA87-4A64-AD6C-A5AE96C61F29}.Release|x64.Build.0 = Release|Any CPU
		{A46F278A-FC2C-4342-8455-994D957DDA03}.Debug|Any CPU.ActiveCfg = Debug|Any CPU
		{A46F278A-FC2C-4342-8455-994D957DDA03}.Debug|Any CPU.Build.0 = Debug|Any CPU
		{A46F278A-FC2C-4342-8455-994D957DDA03}.Debug|x64.ActiveCfg = Debug|Any CPU
		{A46F278A-FC2C-4342-8455-994D957DDA03}.Debug|x64.Build.0 = Debug|Any CPU
		{A46F278A-FC2C-4342-8455-994D957DDA03}.Release|Any CPU.ActiveCfg = Release|Any CPU
		{A46F278A-FC2C-4342-8455-994D957DDA03}.Release|Any CPU.Build.0 = Release|Any CPU
		{A46F278A-FC2C-4342-8455-994D957DDA03}.Release|x64.ActiveCfg = Release|Any CPU
		{A46F278A-FC2C-4342-8455-994D957DDA03}.Release|x64.Build.0 = Release|Any CPU
		{301C3AAA-9F79-46A5-9B9D-86F076C5BDD1}.Debug|Any CPU.ActiveCfg = Debug|Any CPU
		{301C3AAA-9F79-46A5-9B9D-86F076C5BDD1}.Debug|Any CPU.Build.0 = Debug|Any CPU
		{301C3AAA-9F79-46A5-9B9D-86F076C5BDD1}.Debug|x64.ActiveCfg = Debug|Any CPU
		{301C3AAA-9F79-46A5-9B9D-86F076C5BDD1}.Debug|x64.Build.0 = Debug|Any CPU
		{301C3AAA-9F79-46A5-9B9D-86F076C5BDD1}.Release|Any CPU.ActiveCfg = Release|Any CPU
		{301C3AAA-9F79-46A5-9B9D-86F076C5BDD1}.Release|Any CPU.Build.0 = Release|Any CPU
		{301C3AAA-9F79-46A5-9B9D-86F076C5BDD1}.Release|x64.ActiveCfg = Release|Any CPU
		{301C3AAA-9F79-46A5-9B9D-86F076C5BDD1}.Release|x64.Build.0 = Release|Any CPU
		{62214042-667E-4B29-B64E-1A68CE6FE209}.Debug|Any CPU.ActiveCfg = Debug|Any CPU
		{62214042-667E-4B29-B64E-1A68CE6FE209}.Debug|Any CPU.Build.0 = Debug|Any CPU
		{62214042-667E-4B29-B64E-1A68CE6FE209}.Debug|x64.ActiveCfg = Debug|Any CPU
		{62214042-667E-4B29-B64E-1A68CE6FE209}.Debug|x64.Build.0 = Debug|Any CPU
		{62214042-667E-4B29-B64E-1A68CE6FE209}.Release|Any CPU.ActiveCfg = Release|Any CPU
		{62214042-667E-4B29-B64E-1A68CE6FE209}.Release|Any CPU.Build.0 = Release|Any CPU
		{62214042-667E-4B29-B64E-1A68CE6FE209}.Release|x64.ActiveCfg = Release|Any CPU
		{62214042-667E-4B29-B64E-1A68CE6FE209}.Release|x64.Build.0 = Release|Any CPU
		{3D83760B-0A36-4C8F-978D-7949C3FC862B}.Debug|Any CPU.ActiveCfg = Debug|Any CPU
		{3D83760B-0A36-4C8F-978D-7949C3FC862B}.Debug|Any CPU.Build.0 = Debug|Any CPU
		{3D83760B-0A36-4C8F-978D-7949C3FC862B}.Debug|x64.ActiveCfg = Debug|Any CPU
		{3D83760B-0A36-4C8F-978D-7949C3FC862B}.Debug|x64.Build.0 = Debug|Any CPU
		{3D83760B-0A36-4C8F-978D-7949C3FC862B}.Release|Any CPU.ActiveCfg = Release|Any CPU
		{3D83760B-0A36-4C8F-978D-7949C3FC862B}.Release|Any CPU.Build.0 = Release|Any CPU
		{3D83760B-0A36-4C8F-978D-7949C3FC862B}.Release|x64.ActiveCfg = Release|Any CPU
		{3D83760B-0A36-4C8F-978D-7949C3FC862B}.Release|x64.Build.0 = Release|Any CPU
	EndGlobalSection
	GlobalSection(SolutionProperties) = preSolution
		HideSolutionNode = FALSE
	EndGlobalSection
	GlobalSection(NestedProjects) = preSolution
		{E592F239-FAA0-4840-9C85-46E5867D06D5} = {B258A061-FA19-4835-8DC4-E9C3AE3664A0}
		{0F288A66-6EB0-4589-8595-E33A3A3EAEA2} = {A311DC47-42A2-4DD4-B921-50FBF7A33F41}
		{A779B2F8-C253-4C4B-8634-6EB8F594E96D} = {88792A7E-F037-4280-81D3-B131508EF1D8}
		{235A45C7-24AD-4F47-B9D4-CD67E610A04D} = {88792A7E-F037-4280-81D3-B131508EF1D8}
		{7F4C7AB0-4C9B-452D-AFED-34544C903DEF} = {A311DC47-42A2-4DD4-B921-50FBF7A33F41}
		{C6BDB6D9-062D-4C28-A280-F3BD6197F07F} = {88792A7E-F037-4280-81D3-B131508EF1D8}
		{DCF7C321-95DC-4507-BB61-A7C5356E58EC} = {88792A7E-F037-4280-81D3-B131508EF1D8}
		{8DC7960F-6DDF-4007-A155-17E124F39374} = {88792A7E-F037-4280-81D3-B131508EF1D8}
		{AB80F106-5444-46AA-A255-F765DD2F04F1} = {88792A7E-F037-4280-81D3-B131508EF1D8}
		{07678400-2FE1-4C6E-A8D4-4F9F3C0630EA} = {88792A7E-F037-4280-81D3-B131508EF1D8}
		{D004FEC9-0CF8-4828-B620-95DBA73201A3} = {88792A7E-F037-4280-81D3-B131508EF1D8}
		{36C10640-A31F-4DEE-9F0E-9B9E3F12753D} = {88792A7E-F037-4280-81D3-B131508EF1D8}
		{26902C94-3EBC-4132-B7F0-FFCAB8E150DA} = {88792A7E-F037-4280-81D3-B131508EF1D8}
		{FA5815D3-EA87-4A64-AD6C-A5AE96C61F29} = {88792A7E-F037-4280-81D3-B131508EF1D8}
		{A46F278A-FC2C-4342-8455-994D957DDA03} = {88792A7E-F037-4280-81D3-B131508EF1D8}
		{88792A7E-F037-4280-81D3-B131508EF1D8} = {E830A02B-A7E5-4A6B-943F-76B0A542630C}
		{A311DC47-42A2-4DD4-B921-50FBF7A33F41} = {E830A02B-A7E5-4A6B-943F-76B0A542630C}
		{B258A061-FA19-4835-8DC4-E9C3AE3664A0} = {E830A02B-A7E5-4A6B-943F-76B0A542630C}
		{301C3AAA-9F79-46A5-9B9D-86F076C5BDD1} = {A311DC47-42A2-4DD4-B921-50FBF7A33F41}
		{2C1477DC-7A5C-4B65-85DB-1F16A18FB2EC} = {E830A02B-A7E5-4A6B-943F-76B0A542630C}
		{62214042-667E-4B29-B64E-1A68CE6FE209} = {2C1477DC-7A5C-4B65-85DB-1F16A18FB2EC}
		{3D83760B-0A36-4C8F-978D-7949C3FC862B} = {88792A7E-F037-4280-81D3-B131508EF1D8}
	EndGlobalSection
	GlobalSection(ExtensibilityGlobals) = postSolution
		SolutionGuid = {C203080A-4473-4CC2-844B-F552EA43D66A}
	EndGlobalSection
EndGlobal
