
Microsoft Visual Studio Solution File, Format Version 12.00
# Visual Studio Version 16
VisualStudioVersion = 16.0.28729.10
MinimumVisualStudioVersion = 10.0.40219.1
Project("{FAE04EC0-301F-11D3-BF4B-00C04F79EFBC}") = "Artemis.UI", "Artemis.UI\Artemis.UI.csproj", "{46B74153-77CF-4489-BDF9-D53FDB1F7ACB}"
	ProjectSection(ProjectDependencies) = postProject
		{E592F239-FAA0-4840-9C85-46E5867D06D5} = {E592F239-FAA0-4840-9C85-46E5867D06D5}
		{0F288A66-6EB0-4589-8595-E33A3A3EAEA2} = {0F288A66-6EB0-4589-8595-E33A3A3EAEA2}
		{7F4C7AB0-4C9B-452D-AFED-34544C903DEF} = {7F4C7AB0-4C9B-452D-AFED-34544C903DEF}
		{235A45C7-24AD-4F47-B9D4-CD67E610A04D} = {235A45C7-24AD-4F47-B9D4-CD67E610A04D}
		{6FE5DED5-D62E-4811-985F-644124FCEEFE} = {6FE5DED5-D62E-4811-985F-644124FCEEFE}
		{A779B2F8-C253-4C4B-8634-6EB8F594E96D} = {A779B2F8-C253-4C4B-8634-6EB8F594E96D}
	EndProjectSection
EndProject
Project("{9A19103F-16F7-4668-BE54-9A1E7A4F7556}") = "Artemis.Storage", "Artemis.Storage\Artemis.Storage.csproj", "{E489E5E3-1A65-4AF5-A1EA-F9805FD19A65}"
EndProject
Project("{FAE04EC0-301F-11D3-BF4B-00C04F79EFBC}") = "Artemis.Core", "Artemis.Core\Artemis.Core.csproj", "{9B811F9B-86B9-4771-87AF-72BAE7078A36}"
EndProject
Project("{2150E333-8FDC-42A3-9474-1A3956D46DE8}") = "Plugins", "Plugins", "{E830A02B-A7E5-4A6B-943F-76B0A542630C}"
EndProject
Project("{FAE04EC0-301F-11D3-BF4B-00C04F79EFBC}") = "Artemis.Plugins.Modules.General", "Artemis.Plugins.Modules.General\Artemis.Plugins.Modules.General.csproj", "{E592F239-FAA0-4840-9C85-46E5867D06D5}"
EndProject
Project("{FAE04EC0-301F-11D3-BF4B-00C04F79EFBC}") = "Artemis.Plugins.LayerElements.Brush", "Artemis.Plugins.LayerTypes.Brush\Artemis.Plugins.LayerElements.Brush.csproj", "{0F288A66-6EB0-4589-8595-E33A3A3EAEA2}"
EndProject
Project("{FAE04EC0-301F-11D3-BF4B-00C04F79EFBC}") = "Artemis.Plugins.Devices.Corsair", "Artemis.Plugins.Devices.Corsair\Artemis.Plugins.Devices.Corsair.csproj", "{A779B2F8-C253-4C4B-8634-6EB8F594E96D}"
EndProject
Project("{FAE04EC0-301F-11D3-BF4B-00C04F79EFBC}") = "Artemis.Plugins.Devices.Logitech", "Artemis.Plugins.Devices.Logitech\Artemis.Plugins.Devices.Logitech.csproj", "{235A45C7-24AD-4F47-B9D4-CD67E610A04D}"
EndProject
Project("{FAE04EC0-301F-11D3-BF4B-00C04F79EFBC}") = "Artemis.Plugins.LayerElements.Animations", "Artemis.Plugins.LayerElements.Animations\Artemis.Plugins.LayerElements.Animations.csproj", "{6FE5DED5-D62E-4811-985F-644124FCEEFE}"
EndProject
Project("{FAE04EC0-301F-11D3-BF4B-00C04F79EFBC}") = "Artemis.Plugins.LayerElements.Noise", "Artemis.Plugins.LayerElements.Noise\Artemis.Plugins.LayerElements.Noise.csproj", "{7F4C7AB0-4C9B-452D-AFED-34544C903DEF}"
EndProject
Global
	GlobalSection(SolutionConfigurationPlatforms) = preSolution
		Debug|Any CPU = Debug|Any CPU
		Debug|x64 = Debug|x64
		Release|Any CPU = Release|Any CPU
		Release|x64 = Release|x64
	EndGlobalSection
	GlobalSection(ProjectConfigurationPlatforms) = postSolution
		{46B74153-77CF-4489-BDF9-D53FDB1F7ACB}.Debug|Any CPU.ActiveCfg = Debug|Any CPU
		{46B74153-77CF-4489-BDF9-D53FDB1F7ACB}.Debug|Any CPU.Build.0 = Debug|Any CPU
		{46B74153-77CF-4489-BDF9-D53FDB1F7ACB}.Debug|x64.ActiveCfg = Debug|x64
		{46B74153-77CF-4489-BDF9-D53FDB1F7ACB}.Debug|x64.Build.0 = Debug|x64
		{46B74153-77CF-4489-BDF9-D53FDB1F7ACB}.Release|Any CPU.ActiveCfg = Release|Any CPU
		{46B74153-77CF-4489-BDF9-D53FDB1F7ACB}.Release|Any CPU.Build.0 = Release|Any CPU
		{46B74153-77CF-4489-BDF9-D53FDB1F7ACB}.Release|x64.ActiveCfg = Release|x64
		{46B74153-77CF-4489-BDF9-D53FDB1F7ACB}.Release|x64.Build.0 = Release|x64
		{E489E5E3-1A65-4AF5-A1EA-F9805FD19A65}.Debug|Any CPU.ActiveCfg = Debug|Any CPU
		{E489E5E3-1A65-4AF5-A1EA-F9805FD19A65}.Debug|Any CPU.Build.0 = Debug|Any CPU
		{E489E5E3-1A65-4AF5-A1EA-F9805FD19A65}.Debug|x64.ActiveCfg = Debug|x64
		{E489E5E3-1A65-4AF5-A1EA-F9805FD19A65}.Debug|x64.Build.0 = Debug|x64
		{E489E5E3-1A65-4AF5-A1EA-F9805FD19A65}.Release|Any CPU.ActiveCfg = Release|Any CPU
		{E489E5E3-1A65-4AF5-A1EA-F9805FD19A65}.Release|Any CPU.Build.0 = Release|Any CPU
		{E489E5E3-1A65-4AF5-A1EA-F9805FD19A65}.Release|x64.ActiveCfg = Release|x64
		{E489E5E3-1A65-4AF5-A1EA-F9805FD19A65}.Release|x64.Build.0 = Release|x64
		{9B811F9B-86B9-4771-87AF-72BAE7078A36}.Debug|Any CPU.ActiveCfg = Debug|Any CPU
		{9B811F9B-86B9-4771-87AF-72BAE7078A36}.Debug|Any CPU.Build.0 = Debug|Any CPU
		{9B811F9B-86B9-4771-87AF-72BAE7078A36}.Debug|x64.ActiveCfg = Debug|x64
		{9B811F9B-86B9-4771-87AF-72BAE7078A36}.Debug|x64.Build.0 = Debug|x64
		{9B811F9B-86B9-4771-87AF-72BAE7078A36}.Release|Any CPU.ActiveCfg = Release|Any CPU
		{9B811F9B-86B9-4771-87AF-72BAE7078A36}.Release|Any CPU.Build.0 = Release|Any CPU
		{9B811F9B-86B9-4771-87AF-72BAE7078A36}.Release|x64.ActiveCfg = Release|x64
		{9B811F9B-86B9-4771-87AF-72BAE7078A36}.Release|x64.Build.0 = Release|x64
		{E592F239-FAA0-4840-9C85-46E5867D06D5}.Debug|Any CPU.ActiveCfg = Debug|Any CPU
		{E592F239-FAA0-4840-9C85-46E5867D06D5}.Debug|Any CPU.Build.0 = Debug|Any CPU
		{E592F239-FAA0-4840-9C85-46E5867D06D5}.Debug|x64.ActiveCfg = Debug|Any CPU
		{E592F239-FAA0-4840-9C85-46E5867D06D5}.Debug|x64.Build.0 = Debug|Any CPU
		{E592F239-FAA0-4840-9C85-46E5867D06D5}.Release|Any CPU.ActiveCfg = Release|Any CPU
		{E592F239-FAA0-4840-9C85-46E5867D06D5}.Release|Any CPU.Build.0 = Release|Any CPU
		{E592F239-FAA0-4840-9C85-46E5867D06D5}.Release|x64.ActiveCfg = Release|Any CPU
		{E592F239-FAA0-4840-9C85-46E5867D06D5}.Release|x64.Build.0 = Release|Any CPU
		{0F288A66-6EB0-4589-8595-E33A3A3EAEA2}.Debug|Any CPU.ActiveCfg = Debug|Any CPU
		{0F288A66-6EB0-4589-8595-E33A3A3EAEA2}.Debug|Any CPU.Build.0 = Debug|Any CPU
		{0F288A66-6EB0-4589-8595-E33A3A3EAEA2}.Debug|x64.ActiveCfg = Debug|Any CPU
		{0F288A66-6EB0-4589-8595-E33A3A3EAEA2}.Debug|x64.Build.0 = Debug|Any CPU
		{0F288A66-6EB0-4589-8595-E33A3A3EAEA2}.Release|Any CPU.ActiveCfg = Release|Any CPU
		{0F288A66-6EB0-4589-8595-E33A3A3EAEA2}.Release|Any CPU.Build.0 = Release|Any CPU
		{0F288A66-6EB0-4589-8595-E33A3A3EAEA2}.Release|x64.ActiveCfg = Release|Any CPU
		{0F288A66-6EB0-4589-8595-E33A3A3EAEA2}.Release|x64.Build.0 = Release|Any CPU
		{A779B2F8-C253-4C4B-8634-6EB8F594E96D}.Debug|Any CPU.ActiveCfg = Debug|Any CPU
		{A779B2F8-C253-4C4B-8634-6EB8F594E96D}.Debug|Any CPU.Build.0 = Debug|Any CPU
		{A779B2F8-C253-4C4B-8634-6EB8F594E96D}.Debug|x64.ActiveCfg = Debug|Any CPU
		{A779B2F8-C253-4C4B-8634-6EB8F594E96D}.Debug|x64.Build.0 = Debug|Any CPU
		{A779B2F8-C253-4C4B-8634-6EB8F594E96D}.Release|Any CPU.ActiveCfg = Release|Any CPU
		{A779B2F8-C253-4C4B-8634-6EB8F594E96D}.Release|Any CPU.Build.0 = Release|Any CPU
		{A779B2F8-C253-4C4B-8634-6EB8F594E96D}.Release|x64.ActiveCfg = Release|Any CPU
		{A779B2F8-C253-4C4B-8634-6EB8F594E96D}.Release|x64.Build.0 = Release|Any CPU
		{235A45C7-24AD-4F47-B9D4-CD67E610A04D}.Debug|Any CPU.ActiveCfg = Debug|Any CPU
		{235A45C7-24AD-4F47-B9D4-CD67E610A04D}.Debug|Any CPU.Build.0 = Debug|Any CPU
		{235A45C7-24AD-4F47-B9D4-CD67E610A04D}.Debug|x64.ActiveCfg = Debug|Any CPU
		{235A45C7-24AD-4F47-B9D4-CD67E610A04D}.Debug|x64.Build.0 = Debug|Any CPU
		{235A45C7-24AD-4F47-B9D4-CD67E610A04D}.Release|Any CPU.ActiveCfg = Release|Any CPU
		{235A45C7-24AD-4F47-B9D4-CD67E610A04D}.Release|Any CPU.Build.0 = Release|Any CPU
		{235A45C7-24AD-4F47-B9D4-CD67E610A04D}.Release|x64.ActiveCfg = Release|Any CPU
		{235A45C7-24AD-4F47-B9D4-CD67E610A04D}.Release|x64.Build.0 = Release|Any CPU
		{6FE5DED5-D62E-4811-985F-644124FCEEFE}.Debug|Any CPU.ActiveCfg = Debug|Any CPU
		{6FE5DED5-D62E-4811-985F-644124FCEEFE}.Debug|Any CPU.Build.0 = Debug|Any CPU
		{6FE5DED5-D62E-4811-985F-644124FCEEFE}.Debug|x64.ActiveCfg = Debug|Any CPU
		{6FE5DED5-D62E-4811-985F-644124FCEEFE}.Debug|x64.Build.0 = Debug|Any CPU
		{6FE5DED5-D62E-4811-985F-644124FCEEFE}.Release|Any CPU.ActiveCfg = Release|Any CPU
		{6FE5DED5-D62E-4811-985F-644124FCEEFE}.Release|Any CPU.Build.0 = Release|Any CPU
		{6FE5DED5-D62E-4811-985F-644124FCEEFE}.Release|x64.ActiveCfg = Release|Any CPU
		{6FE5DED5-D62E-4811-985F-644124FCEEFE}.Release|x64.Build.0 = Release|Any CPU
		{7F4C7AB0-4C9B-452D-AFED-34544C903DEF}.Debug|Any CPU.ActiveCfg = Debug|Any CPU
		{7F4C7AB0-4C9B-452D-AFED-34544C903DEF}.Debug|Any CPU.Build.0 = Debug|Any CPU
		{7F4C7AB0-4C9B-452D-AFED-34544C903DEF}.Debug|x64.ActiveCfg = Debug|Any CPU
		{7F4C7AB0-4C9B-452D-AFED-34544C903DEF}.Debug|x64.Build.0 = Debug|Any CPU
		{7F4C7AB0-4C9B-452D-AFED-34544C903DEF}.Release|Any CPU.ActiveCfg = Release|Any CPU
		{7F4C7AB0-4C9B-452D-AFED-34544C903DEF}.Release|Any CPU.Build.0 = Release|Any CPU
		{7F4C7AB0-4C9B-452D-AFED-34544C903DEF}.Release|x64.ActiveCfg = Release|Any CPU
		{7F4C7AB0-4C9B-452D-AFED-34544C903DEF}.Release|x64.Build.0 = Release|Any CPU
	EndGlobalSection
	GlobalSection(SolutionProperties) = preSolution
		HideSolutionNode = FALSE
	EndGlobalSection
	GlobalSection(NestedProjects) = preSolution
		{E592F239-FAA0-4840-9C85-46E5867D06D5} = {E830A02B-A7E5-4A6B-943F-76B0A542630C}
		{0F288A66-6EB0-4589-8595-E33A3A3EAEA2} = {E830A02B-A7E5-4A6B-943F-76B0A542630C}
		{A779B2F8-C253-4C4B-8634-6EB8F594E96D} = {E830A02B-A7E5-4A6B-943F-76B0A542630C}
		{235A45C7-24AD-4F47-B9D4-CD67E610A04D} = {E830A02B-A7E5-4A6B-943F-76B0A542630C}
		{6FE5DED5-D62E-4811-985F-644124FCEEFE} = {E830A02B-A7E5-4A6B-943F-76B0A542630C}
		{7F4C7AB0-4C9B-452D-AFED-34544C903DEF} = {E830A02B-A7E5-4A6B-943F-76B0A542630C}
	EndGlobalSection
	GlobalSection(ExtensibilityGlobals) = postSolution
		SolutionGuid = {C203080A-4473-4CC2-844B-F552EA43D66A}
	EndGlobalSection
EndGlobal
