
Microsoft Visual Studio Solution File, Format Version 12.00
# Visual Studio 14
VisualStudioVersion = 14.0.25123.0
MinimumVisualStudioVersion = 10.0.40219.1
Project("{FAE04EC0-301F-11D3-BF4B-00C04F79EFBC}") = "Artemis", "Artemis\Artemis.csproj", "{ED9997A2-E54C-4E9F-9350-62BE672C3ABE}"
EndProject
Project("{8BC9CEB8-8B4A-11D0-8D11-00A0C91BC942}") = "Razer2Artemis", "Razer2Artemis\Razer2Artemis.vcxproj", "{39711909-C1D5-46CE-A9EA-2D561692EA47}"
EndProject
Project("{FAE04EC0-301F-11D3-BF4B-00C04F79EFBC}") = "ColorBox", "ColorBox\ColorBox.csproj", "{40085232-ACED-4CBE-945B-90BA8153C151}"
EndProject
Project("{8BC9CEB8-8B4A-11D0-8D11-00A0C91BC942}") = "LogiLed2Artemis", "LogiLed2Artemis\LogiLed2Artemis.vcxproj", "{D2EDB8F3-F0CB-4670-B472-0B46D5800D2C}"
EndProject
Project("{FAE04EC0-301F-11D3-BF4B-00C04F79EFBC}") = "Artemis86Wrapper", "Artemis86Wrapper\Artemis86Wrapper.csproj", "{47A9BBFD-4BEA-4D7D-8AB7-896E760B2CF2}"
EndProject
Global
	GlobalSection(SolutionConfigurationPlatforms) = preSolution
		CD_ROM|Any CPU = CD_ROM|Any CPU
		CD_ROM|x64 = CD_ROM|x64
		CD_ROM|x86 = CD_ROM|x86
		Debug|Any CPU = Debug|Any CPU
		Debug|x64 = Debug|x64
		Debug|x86 = Debug|x86
		DVD-5|Any CPU = DVD-5|Any CPU
		DVD-5|x64 = DVD-5|x64
		DVD-5|x86 = DVD-5|x86
		Release|Any CPU = Release|Any CPU
		Release|x64 = Release|x64
		Release|x86 = Release|x86
		SingleImage|Any CPU = SingleImage|Any CPU
		SingleImage|x64 = SingleImage|x64
		SingleImage|x86 = SingleImage|x86
	EndGlobalSection
	GlobalSection(ProjectConfigurationPlatforms) = postSolution
		{ED9997A2-E54C-4E9F-9350-62BE672C3ABE}.CD_ROM|Any CPU.ActiveCfg = Release|Any CPU
		{ED9997A2-E54C-4E9F-9350-62BE672C3ABE}.CD_ROM|Any CPU.Build.0 = Release|Any CPU
		{ED9997A2-E54C-4E9F-9350-62BE672C3ABE}.CD_ROM|x64.ActiveCfg = Release|x64
		{ED9997A2-E54C-4E9F-9350-62BE672C3ABE}.CD_ROM|x64.Build.0 = Release|x64
		{ED9997A2-E54C-4E9F-9350-62BE672C3ABE}.CD_ROM|x86.ActiveCfg = Release|x86
		{ED9997A2-E54C-4E9F-9350-62BE672C3ABE}.CD_ROM|x86.Build.0 = Release|x86
		{ED9997A2-E54C-4E9F-9350-62BE672C3ABE}.Debug|Any CPU.ActiveCfg = Debug|Any CPU
		{ED9997A2-E54C-4E9F-9350-62BE672C3ABE}.Debug|Any CPU.Build.0 = Debug|Any CPU
		{ED9997A2-E54C-4E9F-9350-62BE672C3ABE}.Debug|x64.ActiveCfg = Debug|x64
		{ED9997A2-E54C-4E9F-9350-62BE672C3ABE}.Debug|x64.Build.0 = Debug|x64
		{ED9997A2-E54C-4E9F-9350-62BE672C3ABE}.Debug|x86.ActiveCfg = Debug|x86
		{ED9997A2-E54C-4E9F-9350-62BE672C3ABE}.Debug|x86.Build.0 = Debug|x86
		{ED9997A2-E54C-4E9F-9350-62BE672C3ABE}.DVD-5|Any CPU.ActiveCfg = Debug|Any CPU
		{ED9997A2-E54C-4E9F-9350-62BE672C3ABE}.DVD-5|Any CPU.Build.0 = Debug|Any CPU
		{ED9997A2-E54C-4E9F-9350-62BE672C3ABE}.DVD-5|x64.ActiveCfg = Debug|x64
		{ED9997A2-E54C-4E9F-9350-62BE672C3ABE}.DVD-5|x64.Build.0 = Debug|x64
		{ED9997A2-E54C-4E9F-9350-62BE672C3ABE}.DVD-5|x86.ActiveCfg = Debug|x86
		{ED9997A2-E54C-4E9F-9350-62BE672C3ABE}.DVD-5|x86.Build.0 = Debug|x86
		{ED9997A2-E54C-4E9F-9350-62BE672C3ABE}.Release|Any CPU.ActiveCfg = Release|Any CPU
		{ED9997A2-E54C-4E9F-9350-62BE672C3ABE}.Release|Any CPU.Build.0 = Release|Any CPU
		{ED9997A2-E54C-4E9F-9350-62BE672C3ABE}.Release|x64.ActiveCfg = Release|x64
		{ED9997A2-E54C-4E9F-9350-62BE672C3ABE}.Release|x64.Build.0 = Release|x64
		{ED9997A2-E54C-4E9F-9350-62BE672C3ABE}.Release|x86.ActiveCfg = Release|x86
		{ED9997A2-E54C-4E9F-9350-62BE672C3ABE}.Release|x86.Build.0 = Release|x86
		{ED9997A2-E54C-4E9F-9350-62BE672C3ABE}.SingleImage|Any CPU.ActiveCfg = Release|Any CPU
		{ED9997A2-E54C-4E9F-9350-62BE672C3ABE}.SingleImage|Any CPU.Build.0 = Release|Any CPU
		{ED9997A2-E54C-4E9F-9350-62BE672C3ABE}.SingleImage|x64.ActiveCfg = Release|x64
		{ED9997A2-E54C-4E9F-9350-62BE672C3ABE}.SingleImage|x64.Build.0 = Release|x64
		{ED9997A2-E54C-4E9F-9350-62BE672C3ABE}.SingleImage|x86.ActiveCfg = Release|x86
		{ED9997A2-E54C-4E9F-9350-62BE672C3ABE}.SingleImage|x86.Build.0 = Release|x86
		{39711909-C1D5-46CE-A9EA-2D561692EA47}.CD_ROM|Any CPU.ActiveCfg = Release|x64
		{39711909-C1D5-46CE-A9EA-2D561692EA47}.CD_ROM|Any CPU.Build.0 = Release|x64
		{39711909-C1D5-46CE-A9EA-2D561692EA47}.CD_ROM|x64.ActiveCfg = Release|x64
		{39711909-C1D5-46CE-A9EA-2D561692EA47}.CD_ROM|x64.Build.0 = Release|x64
		{39711909-C1D5-46CE-A9EA-2D561692EA47}.CD_ROM|x86.ActiveCfg = Release|Win32
		{39711909-C1D5-46CE-A9EA-2D561692EA47}.CD_ROM|x86.Build.0 = Release|Win32
		{39711909-C1D5-46CE-A9EA-2D561692EA47}.Debug|Any CPU.ActiveCfg = Debug|Win32
		{39711909-C1D5-46CE-A9EA-2D561692EA47}.Debug|x64.ActiveCfg = Debug|x64
		{39711909-C1D5-46CE-A9EA-2D561692EA47}.Debug|x64.Build.0 = Debug|x64
		{39711909-C1D5-46CE-A9EA-2D561692EA47}.Debug|x86.ActiveCfg = Debug|Win32
		{39711909-C1D5-46CE-A9EA-2D561692EA47}.Debug|x86.Build.0 = Debug|Win32
		{39711909-C1D5-46CE-A9EA-2D561692EA47}.DVD-5|Any CPU.ActiveCfg = Release|x64
		{39711909-C1D5-46CE-A9EA-2D561692EA47}.DVD-5|Any CPU.Build.0 = Release|x64
		{39711909-C1D5-46CE-A9EA-2D561692EA47}.DVD-5|x64.ActiveCfg = Debug|x64
		{39711909-C1D5-46CE-A9EA-2D561692EA47}.DVD-5|x64.Build.0 = Debug|x64
		{39711909-C1D5-46CE-A9EA-2D561692EA47}.DVD-5|x86.ActiveCfg = Debug|Win32
		{39711909-C1D5-46CE-A9EA-2D561692EA47}.DVD-5|x86.Build.0 = Debug|Win32
		{39711909-C1D5-46CE-A9EA-2D561692EA47}.Release|Any CPU.ActiveCfg = Release|Win32
		{39711909-C1D5-46CE-A9EA-2D561692EA47}.Release|x64.ActiveCfg = Release|x64
		{39711909-C1D5-46CE-A9EA-2D561692EA47}.Release|x64.Build.0 = Release|x64
		{39711909-C1D5-46CE-A9EA-2D561692EA47}.Release|x86.ActiveCfg = Release|Win32
		{39711909-C1D5-46CE-A9EA-2D561692EA47}.Release|x86.Build.0 = Release|Win32
		{39711909-C1D5-46CE-A9EA-2D561692EA47}.SingleImage|Any CPU.ActiveCfg = Release|x64
		{39711909-C1D5-46CE-A9EA-2D561692EA47}.SingleImage|Any CPU.Build.0 = Release|x64
		{39711909-C1D5-46CE-A9EA-2D561692EA47}.SingleImage|x64.ActiveCfg = Release|x64
		{39711909-C1D5-46CE-A9EA-2D561692EA47}.SingleImage|x64.Build.0 = Release|x64
		{39711909-C1D5-46CE-A9EA-2D561692EA47}.SingleImage|x86.ActiveCfg = Release|Win32
		{39711909-C1D5-46CE-A9EA-2D561692EA47}.SingleImage|x86.Build.0 = Release|Win32
		{40085232-ACED-4CBE-945B-90BA8153C151}.CD_ROM|Any CPU.ActiveCfg = Release|Any CPU
		{40085232-ACED-4CBE-945B-90BA8153C151}.CD_ROM|Any CPU.Build.0 = Release|Any CPU
		{40085232-ACED-4CBE-945B-90BA8153C151}.CD_ROM|x64.ActiveCfg = Release|Any CPU
		{40085232-ACED-4CBE-945B-90BA8153C151}.CD_ROM|x64.Build.0 = Release|Any CPU
		{40085232-ACED-4CBE-945B-90BA8153C151}.CD_ROM|x86.ActiveCfg = Release|Any CPU
		{40085232-ACED-4CBE-945B-90BA8153C151}.CD_ROM|x86.Build.0 = Release|Any CPU
		{40085232-ACED-4CBE-945B-90BA8153C151}.Debug|Any CPU.ActiveCfg = Debug|Any CPU
		{40085232-ACED-4CBE-945B-90BA8153C151}.Debug|Any CPU.Build.0 = Debug|Any CPU
		{40085232-ACED-4CBE-945B-90BA8153C151}.Debug|x64.ActiveCfg = Debug|Any CPU
		{40085232-ACED-4CBE-945B-90BA8153C151}.Debug|x64.Build.0 = Debug|Any CPU
		{40085232-ACED-4CBE-945B-90BA8153C151}.Debug|x86.ActiveCfg = Debug|Any CPU
		{40085232-ACED-4CBE-945B-90BA8153C151}.Debug|x86.Build.0 = Debug|Any CPU
		{40085232-ACED-4CBE-945B-90BA8153C151}.DVD-5|Any CPU.ActiveCfg = Debug|Any CPU
		{40085232-ACED-4CBE-945B-90BA8153C151}.DVD-5|Any CPU.Build.0 = Debug|Any CPU
		{40085232-ACED-4CBE-945B-90BA8153C151}.DVD-5|x64.ActiveCfg = Debug|Any CPU
		{40085232-ACED-4CBE-945B-90BA8153C151}.DVD-5|x64.Build.0 = Debug|Any CPU
		{40085232-ACED-4CBE-945B-90BA8153C151}.DVD-5|x86.ActiveCfg = Debug|Any CPU
		{40085232-ACED-4CBE-945B-90BA8153C151}.DVD-5|x86.Build.0 = Debug|Any CPU
		{40085232-ACED-4CBE-945B-90BA8153C151}.Release|Any CPU.ActiveCfg = Release|Any CPU
		{40085232-ACED-4CBE-945B-90BA8153C151}.Release|Any CPU.Build.0 = Release|Any CPU
		{40085232-ACED-4CBE-945B-90BA8153C151}.Release|x64.ActiveCfg = Release|Any CPU
		{40085232-ACED-4CBE-945B-90BA8153C151}.Release|x64.Build.0 = Release|Any CPU
		{40085232-ACED-4CBE-945B-90BA8153C151}.Release|x86.ActiveCfg = Release|Any CPU
		{40085232-ACED-4CBE-945B-90BA8153C151}.Release|x86.Build.0 = Release|Any CPU
		{40085232-ACED-4CBE-945B-90BA8153C151}.SingleImage|Any CPU.ActiveCfg = Release|Any CPU
		{40085232-ACED-4CBE-945B-90BA8153C151}.SingleImage|Any CPU.Build.0 = Release|Any CPU
		{40085232-ACED-4CBE-945B-90BA8153C151}.SingleImage|x64.ActiveCfg = Release|Any CPU
		{40085232-ACED-4CBE-945B-90BA8153C151}.SingleImage|x64.Build.0 = Release|Any CPU
		{40085232-ACED-4CBE-945B-90BA8153C151}.SingleImage|x86.ActiveCfg = Release|Any CPU
		{40085232-ACED-4CBE-945B-90BA8153C151}.SingleImage|x86.Build.0 = Release|Any CPU
		{D2EDB8F3-F0CB-4670-B472-0B46D5800D2C}.CD_ROM|Any CPU.ActiveCfg = Release|x64
		{D2EDB8F3-F0CB-4670-B472-0B46D5800D2C}.CD_ROM|Any CPU.Build.0 = Release|x64
		{D2EDB8F3-F0CB-4670-B472-0B46D5800D2C}.CD_ROM|x64.ActiveCfg = Release|x64
		{D2EDB8F3-F0CB-4670-B472-0B46D5800D2C}.CD_ROM|x64.Build.0 = Release|x64
		{D2EDB8F3-F0CB-4670-B472-0B46D5800D2C}.CD_ROM|x86.ActiveCfg = Release|Win32
		{D2EDB8F3-F0CB-4670-B472-0B46D5800D2C}.CD_ROM|x86.Build.0 = Release|Win32
		{D2EDB8F3-F0CB-4670-B472-0B46D5800D2C}.Debug|Any CPU.ActiveCfg = Debug|Win32
		{D2EDB8F3-F0CB-4670-B472-0B46D5800D2C}.Debug|x64.ActiveCfg = Debug|x64
		{D2EDB8F3-F0CB-4670-B472-0B46D5800D2C}.Debug|x64.Build.0 = Debug|x64
		{D2EDB8F3-F0CB-4670-B472-0B46D5800D2C}.Debug|x86.ActiveCfg = Debug|Win32
		{D2EDB8F3-F0CB-4670-B472-0B46D5800D2C}.Debug|x86.Build.0 = Debug|Win32
		{D2EDB8F3-F0CB-4670-B472-0B46D5800D2C}.DVD-5|Any CPU.ActiveCfg = Release|x64
		{D2EDB8F3-F0CB-4670-B472-0B46D5800D2C}.DVD-5|Any CPU.Build.0 = Release|x64
		{D2EDB8F3-F0CB-4670-B472-0B46D5800D2C}.DVD-5|x64.ActiveCfg = Debug|x64
		{D2EDB8F3-F0CB-4670-B472-0B46D5800D2C}.DVD-5|x64.Build.0 = Debug|x64
		{D2EDB8F3-F0CB-4670-B472-0B46D5800D2C}.DVD-5|x86.ActiveCfg = Debug|Win32
		{D2EDB8F3-F0CB-4670-B472-0B46D5800D2C}.DVD-5|x86.Build.0 = Debug|Win32
		{D2EDB8F3-F0CB-4670-B472-0B46D5800D2C}.Release|Any CPU.ActiveCfg = Release|Win32
		{D2EDB8F3-F0CB-4670-B472-0B46D5800D2C}.Release|x64.ActiveCfg = Release|x64
		{D2EDB8F3-F0CB-4670-B472-0B46D5800D2C}.Release|x64.Build.0 = Release|x64
		{D2EDB8F3-F0CB-4670-B472-0B46D5800D2C}.Release|x86.ActiveCfg = Release|Win32
		{D2EDB8F3-F0CB-4670-B472-0B46D5800D2C}.Release|x86.Build.0 = Release|Win32
		{D2EDB8F3-F0CB-4670-B472-0B46D5800D2C}.SingleImage|Any CPU.ActiveCfg = Release|x64
		{D2EDB8F3-F0CB-4670-B472-0B46D5800D2C}.SingleImage|Any CPU.Build.0 = Release|x64
		{D2EDB8F3-F0CB-4670-B472-0B46D5800D2C}.SingleImage|x64.ActiveCfg = Release|x64
		{D2EDB8F3-F0CB-4670-B472-0B46D5800D2C}.SingleImage|x64.Build.0 = Release|x64
		{D2EDB8F3-F0CB-4670-B472-0B46D5800D2C}.SingleImage|x86.ActiveCfg = Release|Win32
		{D2EDB8F3-F0CB-4670-B472-0B46D5800D2C}.SingleImage|x86.Build.0 = Release|Win32
		{47A9BBFD-4BEA-4D7D-8AB7-896E760B2CF2}.CD_ROM|Any CPU.ActiveCfg = Release|Any CPU
		{47A9BBFD-4BEA-4D7D-8AB7-896E760B2CF2}.CD_ROM|Any CPU.Build.0 = Release|Any CPU
		{47A9BBFD-4BEA-4D7D-8AB7-896E760B2CF2}.CD_ROM|x64.ActiveCfg = Release|Any CPU
		{47A9BBFD-4BEA-4D7D-8AB7-896E760B2CF2}.CD_ROM|x64.Build.0 = Release|Any CPU
		{47A9BBFD-4BEA-4D7D-8AB7-896E760B2CF2}.CD_ROM|x86.ActiveCfg = Release|Any CPU
		{47A9BBFD-4BEA-4D7D-8AB7-896E760B2CF2}.CD_ROM|x86.Build.0 = Release|Any CPU
		{47A9BBFD-4BEA-4D7D-8AB7-896E760B2CF2}.Debug|Any CPU.ActiveCfg = Debug|Any CPU
		{47A9BBFD-4BEA-4D7D-8AB7-896E760B2CF2}.Debug|Any CPU.Build.0 = Debug|Any CPU
		{47A9BBFD-4BEA-4D7D-8AB7-896E760B2CF2}.Debug|x64.ActiveCfg = Debug|Any CPU
		{47A9BBFD-4BEA-4D7D-8AB7-896E760B2CF2}.Debug|x64.Build.0 = Debug|Any CPU
		{47A9BBFD-4BEA-4D7D-8AB7-896E760B2CF2}.Debug|x86.ActiveCfg = Debug|Any CPU
		{47A9BBFD-4BEA-4D7D-8AB7-896E760B2CF2}.Debug|x86.Build.0 = Debug|Any CPU
		{47A9BBFD-4BEA-4D7D-8AB7-896E760B2CF2}.DVD-5|Any CPU.ActiveCfg = Debug|Any CPU
		{47A9BBFD-4BEA-4D7D-8AB7-896E760B2CF2}.DVD-5|Any CPU.Build.0 = Debug|Any CPU
		{47A9BBFD-4BEA-4D7D-8AB7-896E760B2CF2}.DVD-5|x64.ActiveCfg = Debug|Any CPU
		{47A9BBFD-4BEA-4D7D-8AB7-896E760B2CF2}.DVD-5|x64.Build.0 = Debug|Any CPU
		{47A9BBFD-4BEA-4D7D-8AB7-896E760B2CF2}.DVD-5|x86.ActiveCfg = Debug|Any CPU
		{47A9BBFD-4BEA-4D7D-8AB7-896E760B2CF2}.DVD-5|x86.Build.0 = Debug|Any CPU
		{47A9BBFD-4BEA-4D7D-8AB7-896E760B2CF2}.Release|Any CPU.ActiveCfg = Release|Any CPU
		{47A9BBFD-4BEA-4D7D-8AB7-896E760B2CF2}.Release|Any CPU.Build.0 = Release|Any CPU
		{47A9BBFD-4BEA-4D7D-8AB7-896E760B2CF2}.Release|x64.ActiveCfg = Release|Any CPU
		{47A9BBFD-4BEA-4D7D-8AB7-896E760B2CF2}.Release|x64.Build.0 = Release|Any CPU
		{47A9BBFD-4BEA-4D7D-8AB7-896E760B2CF2}.Release|x86.ActiveCfg = Release|Any CPU
		{47A9BBFD-4BEA-4D7D-8AB7-896E760B2CF2}.Release|x86.Build.0 = Release|Any CPU
		{47A9BBFD-4BEA-4D7D-8AB7-896E760B2CF2}.SingleImage|Any CPU.ActiveCfg = Release|Any CPU
		{47A9BBFD-4BEA-4D7D-8AB7-896E760B2CF2}.SingleImage|Any CPU.Build.0 = Release|Any CPU
		{47A9BBFD-4BEA-4D7D-8AB7-896E760B2CF2}.SingleImage|x64.ActiveCfg = Release|Any CPU
		{47A9BBFD-4BEA-4D7D-8AB7-896E760B2CF2}.SingleImage|x64.Build.0 = Release|Any CPU
		{47A9BBFD-4BEA-4D7D-8AB7-896E760B2CF2}.SingleImage|x86.ActiveCfg = Release|Any CPU
		{47A9BBFD-4BEA-4D7D-8AB7-896E760B2CF2}.SingleImage|x86.Build.0 = Release|Any CPU
	EndGlobalSection
	GlobalSection(SolutionProperties) = preSolution
		HideSolutionNode = FALSE
	EndGlobalSection
EndGlobal
