
Microsoft Visual Studio Solution File, Format Version 12.00
# Visual Studio 14
VisualStudioVersion = 14.0.24720.0
MinimumVisualStudioVersion = 10.0.40219.1
Project("{FAE04EC0-301F-11D3-BF4B-00C04F79EFBC}") = "Artemis", "Artemis\Artemis.csproj", "{ED9997A2-E54C-4E9F-9350-62BE672C3ABE}"
EndProject
Global
	GlobalSection(SolutionConfigurationPlatforms) = preSolution
		Debug|Any CPU = Debug|Any CPU
		Release|Any CPU = Release|Any CPU
	EndGlobalSection
	GlobalSection(ProjectConfigurationPlatforms) = postSolution
		{ED9997A2-E54C-4E9F-9350-62BE672C3ABE}.Debug|Any CPU.ActiveCfg = Debug|Any CPU
		{ED9997A2-E54C-4E9F-9350-62BE672C3ABE}.Debug|Any CPU.Build.0 = Debug|Any CPU
		{ED9997A2-E54C-4E9F-9350-62BE672C3ABE}.Release|Any CPU.ActiveCfg = Release|Any CPU
		{ED9997A2-E54C-4E9F-9350-62BE672C3ABE}.Release|Any CPU.Build.0 = Release|Any CPU
	EndGlobalSection
	GlobalSection(SolutionProperties) = preSolution
		HideSolutionNode = FALSE
	EndGlobalSection
EndGlobal
